// !$*UTF8*$!
{
	archiveVersion = 1;
	classes = {
	};
	objectVersion = 56;
	objects = {

/* Begin PBXBuildFile section */
		D84A18D72A688F3600AECA30 /* BNAd.swift in Sources */ = {isa = PBXBuildFile; fileRef = D84A18D62A688F3600AECA30 /* BNAd.swift */; };
		D84A18DC2A688FF600AECA30 /* BNHiringViewController.swift in Sources */ = {isa = PBXBuildFile; fileRef = D84A18DB2A688FF600AECA30 /* BNHiringViewController.swift */; };
		D84A18DF2A68900C00AECA30 /* BNForsaleViewController.swift in Sources */ = {isa = PBXBuildFile; fileRef = D84A18DE2A68900C00AECA30 /* BNForsaleViewController.swift */; };
		D84A18E12A68902100AECA30 /* BNHomeViewController.swift in Sources */ = {isa = PBXBuildFile; fileRef = D84A18E02A68902100AECA30 /* BNHomeViewController.swift */; };
		D84A18E42A68903C00AECA30 /* BNFavoriteViewController.swift in Sources */ = {isa = PBXBuildFile; fileRef = D84A18E32A68903C00AECA30 /* BNFavoriteViewController.swift */; };
		D84A18E62A68905000AECA30 /* BNMoreViewController.swift in Sources */ = {isa = PBXBuildFile; fileRef = D84A18E52A68905000AECA30 /* BNMoreViewController.swift */; };
		D84A18E82A68B2B800AECA30 /* BNService.swift in Sources */ = {isa = PBXBuildFile; fileRef = D84A18E72A68B2B800AECA30 /* BNService.swift */; };
		D84A18EA2A68B2CA00AECA30 /* BNRequest.swift in Sources */ = {isa = PBXBuildFile; fileRef = D84A18E92A68B2CA00AECA30 /* BNRequest.swift */; };
		D84A18EC2A68B2D400AECA30 /* BNEndpoint.swift in Sources */ = {isa = PBXBuildFile; fileRef = D84A18EB2A68B2D400AECA30 /* BNEndpoint.swift */; };
		D84A18EE2A68B6F800AECA30 /* BNLocation.swift in Sources */ = {isa = PBXBuildFile; fileRef = D84A18ED2A68B6F800AECA30 /* BNLocation.swift */; };
		D84A18F02A69116200AECA30 /* BNAPICacheManager.swift in Sources */ = {isa = PBXBuildFile; fileRef = D84A18EF2A69116200AECA30 /* BNAPICacheManager.swift */; };
		D84A18F42A6912C100AECA30 /* BNGetAllAdsResponse.swift in Sources */ = {isa = PBXBuildFile; fileRef = D84A18F32A6912C100AECA30 /* BNGetAllAdsResponse.swift */; };
		D84A18F62A69E0AA00AECA30 /* BNHiringAdViewViewModel.swift in Sources */ = {isa = PBXBuildFile; fileRef = D84A18F52A69E0AA00AECA30 /* BNHiringAdViewViewModel.swift */; };
		D84A18F82A69E4D800AECA30 /* BNHiringListView.swift in Sources */ = {isa = PBXBuildFile; fileRef = D84A18F72A69E4D800AECA30 /* BNHiringListView.swift */; };
		D84A18FA2A6A0F8400AECA30 /* Extensions.swift in Sources */ = {isa = PBXBuildFile; fileRef = D84A18F92A6A0F8400AECA30 /* Extensions.swift */; };
		D84A19042A6B08FD00AECA30 /* BNHiringCollectionViewCell.swift in Sources */ = {isa = PBXBuildFile; fileRef = D84A19032A6B08FD00AECA30 /* BNHiringCollectionViewCell.swift */; };
		D8D7F8982A6661F300954F26 /* AppDelegate.swift in Sources */ = {isa = PBXBuildFile; fileRef = D8D7F8972A6661F300954F26 /* AppDelegate.swift */; };
		D8D7F89A2A6661F300954F26 /* SceneDelegate.swift in Sources */ = {isa = PBXBuildFile; fileRef = D8D7F8992A6661F300954F26 /* SceneDelegate.swift */; };
		D8D7F89C2A6661F300954F26 /* BNTabBarController.swift in Sources */ = {isa = PBXBuildFile; fileRef = D8D7F89B2A6661F300954F26 /* BNTabBarController.swift */; };
		D8D7F8A12A6661F400954F26 /* Assets.xcassets in Resources */ = {isa = PBXBuildFile; fileRef = D8D7F8A02A6661F400954F26 /* Assets.xcassets */; };
		D8D7F8A42A6661F400954F26 /* LaunchScreen.storyboard in Resources */ = {isa = PBXBuildFile; fileRef = D8D7F8A22A6661F400954F26 /* LaunchScreen.storyboard */; };
/* End PBXBuildFile section */

/* Begin PBXFileReference section */
		D84A18D62A688F3600AECA30 /* BNAd.swift */ = {isa = PBXFileReference; lastKnownFileType = sourcecode.swift; path = BNAd.swift; sourceTree = "<group>"; };
		D84A18DB2A688FF600AECA30 /* BNHiringViewController.swift */ = {isa = PBXFileReference; lastKnownFileType = sourcecode.swift; path = BNHiringViewController.swift; sourceTree = "<group>"; };
		D84A18DE2A68900C00AECA30 /* BNForsaleViewController.swift */ = {isa = PBXFileReference; lastKnownFileType = sourcecode.swift; path = BNForsaleViewController.swift; sourceTree = "<group>"; };
		D84A18E02A68902100AECA30 /* BNHomeViewController.swift */ = {isa = PBXFileReference; lastKnownFileType = sourcecode.swift; path = BNHomeViewController.swift; sourceTree = "<group>"; };
		D84A18E32A68903C00AECA30 /* BNFavoriteViewController.swift */ = {isa = PBXFileReference; lastKnownFileType = sourcecode.swift; path = BNFavoriteViewController.swift; sourceTree = "<group>"; };
		D84A18E52A68905000AECA30 /* BNMoreViewController.swift */ = {isa = PBXFileReference; lastKnownFileType = sourcecode.swift; path = BNMoreViewController.swift; sourceTree = "<group>"; };
		D84A18E72A68B2B800AECA30 /* BNService.swift */ = {isa = PBXFileReference; lastKnownFileType = sourcecode.swift; path = BNService.swift; sourceTree = "<group>"; };
		D84A18E92A68B2CA00AECA30 /* BNRequest.swift */ = {isa = PBXFileReference; lastKnownFileType = sourcecode.swift; path = BNRequest.swift; sourceTree = "<group>"; };
		D84A18EB2A68B2D400AECA30 /* BNEndpoint.swift */ = {isa = PBXFileReference; lastKnownFileType = sourcecode.swift; path = BNEndpoint.swift; sourceTree = "<group>"; };
		D84A18ED2A68B6F800AECA30 /* BNLocation.swift */ = {isa = PBXFileReference; lastKnownFileType = sourcecode.swift; path = BNLocation.swift; sourceTree = "<group>"; };
		D84A18EF2A69116200AECA30 /* BNAPICacheManager.swift */ = {isa = PBXFileReference; lastKnownFileType = sourcecode.swift; path = BNAPICacheManager.swift; sourceTree = "<group>"; };
		D84A18F32A6912C100AECA30 /* BNGetAllAdsResponse.swift */ = {isa = PBXFileReference; lastKnownFileType = sourcecode.swift; path = BNGetAllAdsResponse.swift; sourceTree = "<group>"; };
		D84A18F52A69E0AA00AECA30 /* BNHiringAdViewViewModel.swift */ = {isa = PBXFileReference; lastKnownFileType = sourcecode.swift; path = BNHiringAdViewViewModel.swift; sourceTree = "<group>"; };
		D84A18F72A69E4D800AECA30 /* BNHiringListView.swift */ = {isa = PBXFileReference; lastKnownFileType = sourcecode.swift; path = BNHiringListView.swift; sourceTree = "<group>"; };
		D84A18F92A6A0F8400AECA30 /* Extensions.swift */ = {isa = PBXFileReference; lastKnownFileType = sourcecode.swift; path = Extensions.swift; sourceTree = "<group>"; };
		D84A19032A6B08FD00AECA30 /* BNHiringCollectionViewCell.swift */ = {isa = PBXFileReference; lastKnownFileType = sourcecode.swift; path = BNHiringCollectionViewCell.swift; sourceTree = "<group>"; };
		D8D7F8942A6661F300954F26 /* BaoNai.2.app */ = {isa = PBXFileReference; explicitFileType = wrapper.application; includeInIndex = 0; path = BaoNai.2.app; sourceTree = BUILT_PRODUCTS_DIR; };
		D8D7F8972A6661F300954F26 /* AppDelegate.swift */ = {isa = PBXFileReference; lastKnownFileType = sourcecode.swift; path = AppDelegate.swift; sourceTree = "<group>"; };
		D8D7F8992A6661F300954F26 /* SceneDelegate.swift */ = {isa = PBXFileReference; lastKnownFileType = sourcecode.swift; path = SceneDelegate.swift; sourceTree = "<group>"; };
		D8D7F89B2A6661F300954F26 /* BNTabBarController.swift */ = {isa = PBXFileReference; lastKnownFileType = sourcecode.swift; path = BNTabBarController.swift; sourceTree = "<group>"; };
		D8D7F8A02A6661F400954F26 /* Assets.xcassets */ = {isa = PBXFileReference; lastKnownFileType = folder.assetcatalog; path = Assets.xcassets; sourceTree = "<group>"; };
		D8D7F8A32A6661F400954F26 /* Base */ = {isa = PBXFileReference; lastKnownFileType = file.storyboard; name = Base; path = Base.lproj/LaunchScreen.storyboard; sourceTree = "<group>"; };
		D8D7F8A52A6661F400954F26 /* Info.plist */ = {isa = PBXFileReference; lastKnownFileType = text.plist.xml; path = Info.plist; sourceTree = "<group>"; };
/* End PBXFileReference section */

/* Begin PBXFrameworksBuildPhase section */
		D8D7F8912A6661F300954F26 /* Frameworks */ = {
			isa = PBXFrameworksBuildPhase;
			buildActionMask = 2147483647;
			files = (
			);
			runOnlyForDeploymentPostprocessing = 0;
		};
/* End PBXFrameworksBuildPhase section */

/* Begin PBXGroup section */
		D84A18CF2A688E8C00AECA30 /* Controllers */ = {
			isa = PBXGroup;
			children = (
				D84A18D82A688F9A00AECA30 /* Core */,
			);
			path = Controllers;
			sourceTree = "<group>";
		};
		D84A18D02A688E9200AECA30 /* Models */ = {
			isa = PBXGroup;
			children = (
				D84A18F22A6912A400AECA30 /* APIResponseTypes */,
				D84A18F12A69129100AECA30 /* DataTypes */,
			);
			path = Models;
			sourceTree = "<group>";
		};
		D84A18D12A688E9700AECA30 /* Views */ = {
			isa = PBXGroup;
			children = (
				D84A18F72A69E4D800AECA30 /* BNHiringListView.swift */,
				D84A19032A6B08FD00AECA30 /* BNHiringCollectionViewCell.swift */,
			);
			path = Views;
			sourceTree = "<group>";
		};
		D84A18D22A688E9C00AECA30 /* ViewModels */ = {
			isa = PBXGroup;
			children = (
				D84A18F52A69E0AA00AECA30 /* BNHiringAdViewViewModel.swift */,
			);
			path = ViewModels;
			sourceTree = "<group>";
		};
		D84A18D32A688EA200AECA30 /* APIClient */ = {
			isa = PBXGroup;
			children = (
				D84A18E72A68B2B800AECA30 /* BNService.swift */,
				D84A18E92A68B2CA00AECA30 /* BNRequest.swift */,
				D84A18EB2A68B2D400AECA30 /* BNEndpoint.swift */,
			);
			path = APIClient;
			sourceTree = "<group>";
		};
		D84A18D42A688EAD00AECA30 /* Managers */ = {
			isa = PBXGroup;
			children = (
				D84A18EF2A69116200AECA30 /* BNAPICacheManager.swift */,
			);
			path = Managers;
			sourceTree = "<group>";
		};
		D84A18D52A688EB200AECA30 /* Resources */ = {
			isa = PBXGroup;
			children = (
				D8D7F8A02A6661F400954F26 /* Assets.xcassets */,
				D8D7F8A22A6661F400954F26 /* LaunchScreen.storyboard */,
				D8D7F8972A6661F300954F26 /* AppDelegate.swift */,
				D8D7F8992A6661F300954F26 /* SceneDelegate.swift */,
				D84A18F92A6A0F8400AECA30 /* Extensions.swift */,
			);
			path = Resources;
			sourceTree = "<group>";
		};
		D84A18D82A688F9A00AECA30 /* Core */ = {
			isa = PBXGroup;
			children = (
				D8D7F89B2A6661F300954F26 /* BNTabBarController.swift */,
				D84A18DB2A688FF600AECA30 /* BNHiringViewController.swift */,
				D84A18DE2A68900C00AECA30 /* BNForsaleViewController.swift */,
				D84A18E02A68902100AECA30 /* BNHomeViewController.swift */,
				D84A18E32A68903C00AECA30 /* BNFavoriteViewController.swift */,
				D84A18E52A68905000AECA30 /* BNMoreViewController.swift */,
			);
			path = Core;
			sourceTree = "<group>";
		};
		D84A18F12A69129100AECA30 /* DataTypes */ = {
			isa = PBXGroup;
			children = (
				D84A18D62A688F3600AECA30 /* BNAd.swift */,
				D84A18ED2A68B6F800AECA30 /* BNLocation.swift */,
			);
			path = DataTypes;
			sourceTree = "<group>";
		};
		D84A18F22A6912A400AECA30 /* APIResponseTypes */ = {
			isa = PBXGroup;
			children = (
				D84A18F32A6912C100AECA30 /* BNGetAllAdsResponse.swift */,
			);
			path = APIResponseTypes;
			sourceTree = "<group>";
		};
		D8D7F88B2A6661F300954F26 = {
			isa = PBXGroup;
			children = (
				D8D7F8962A6661F300954F26 /* BaoNai.2 */,
				D8D7F8952A6661F300954F26 /* Products */,
			);
			sourceTree = "<group>";
		};
		D8D7F8952A6661F300954F26 /* Products */ = {
			isa = PBXGroup;
			children = (
				D8D7F8942A6661F300954F26 /* BaoNai.2.app */,
			);
			name = Products;
			sourceTree = "<group>";
		};
		D8D7F8962A6661F300954F26 /* BaoNai.2 */ = {
			isa = PBXGroup;
			children = (
				D84A18D52A688EB200AECA30 /* Resources */,
				D84A18D42A688EAD00AECA30 /* Managers */,
				D84A18D32A688EA200AECA30 /* APIClient */,
				D84A18D22A688E9C00AECA30 /* ViewModels */,
				D84A18D12A688E9700AECA30 /* Views */,
				D84A18D02A688E9200AECA30 /* Models */,
				D84A18CF2A688E8C00AECA30 /* Controllers */,
				D8D7F8A52A6661F400954F26 /* Info.plist */,
			);
			path = BaoNai.2;
			sourceTree = "<group>";
		};
/* End PBXGroup section */

/* Begin PBXNativeTarget section */
		D8D7F8932A6661F300954F26 /* BaoNai.2 */ = {
			isa = PBXNativeTarget;
			buildConfigurationList = D8D7F8A82A6661F400954F26 /* Build configuration list for PBXNativeTarget "BaoNai.2" */;
			buildPhases = (
				D8D7F8902A6661F300954F26 /* Sources */,
				D8D7F8912A6661F300954F26 /* Frameworks */,
				D8D7F8922A6661F300954F26 /* Resources */,
			);
			buildRules = (
			);
			dependencies = (
			);
			name = BaoNai.2;
			productName = BaoNai.2;
			productReference = D8D7F8942A6661F300954F26 /* BaoNai.2.app */;
			productType = "com.apple.product-type.application";
		};
/* End PBXNativeTarget section */

/* Begin PBXProject section */
		D8D7F88C2A6661F300954F26 /* Project object */ = {
			isa = PBXProject;
			attributes = {
				BuildIndependentTargetsInParallel = 1;
				LastSwiftUpdateCheck = 1410;
				LastUpgradeCheck = 1410;
				TargetAttributes = {
					D8D7F8932A6661F300954F26 = {
						CreatedOnToolsVersion = 14.1;
					};
				};
			};
			buildConfigurationList = D8D7F88F2A6661F300954F26 /* Build configuration list for PBXProject "BaoNai.2" */;
			compatibilityVersion = "Xcode 14.0";
			developmentRegion = en;
			hasScannedForEncodings = 0;
			knownRegions = (
				en,
				Base,
			);
			mainGroup = D8D7F88B2A6661F300954F26;
			productRefGroup = D8D7F8952A6661F300954F26 /* Products */;
			projectDirPath = "";
			projectRoot = "";
			targets = (
				D8D7F8932A6661F300954F26 /* BaoNai.2 */,
			);
		};
/* End PBXProject section */

/* Begin PBXResourcesBuildPhase section */
		D8D7F8922A6661F300954F26 /* Resources */ = {
			isa = PBXResourcesBuildPhase;
			buildActionMask = 2147483647;
			files = (
				D8D7F8A42A6661F400954F26 /* LaunchScreen.storyboard in Resources */,
				D8D7F8A12A6661F400954F26 /* Assets.xcassets in Resources */,
			);
			runOnlyForDeploymentPostprocessing = 0;
		};
/* End PBXResourcesBuildPhase section */

/* Begin PBXSourcesBuildPhase section */
		D8D7F8902A6661F300954F26 /* Sources */ = {
			isa = PBXSourcesBuildPhase;
			buildActionMask = 2147483647;
			files = (
				D84A18E42A68903C00AECA30 /* BNFavoriteViewController.swift in Sources */,
				D84A18FA2A6A0F8400AECA30 /* Extensions.swift in Sources */,
				D8D7F89C2A6661F300954F26 /* BNTabBarController.swift in Sources */,
				D8D7F8982A6661F300954F26 /* AppDelegate.swift in Sources */,
				D84A18E62A68905000AECA30 /* BNMoreViewController.swift in Sources */,
				D84A18DC2A688FF600AECA30 /* BNHiringViewController.swift in Sources */,
				D84A18D72A688F3600AECA30 /* BNAd.swift in Sources */,
				D84A18EE2A68B6F800AECA30 /* BNLocation.swift in Sources */,
				D84A18F42A6912C100AECA30 /* BNGetAllAdsResponse.swift in Sources */,
				D84A18E12A68902100AECA30 /* BNHomeViewController.swift in Sources */,
				D84A18E82A68B2B800AECA30 /* BNService.swift in Sources */,
				D84A18F02A69116200AECA30 /* BNAPICacheManager.swift in Sources */,
				D84A19042A6B08FD00AECA30 /* BNHiringCollectionViewCell.swift in Sources */,
				D84A18EC2A68B2D400AECA30 /* BNEndpoint.swift in Sources */,
				D84A18F82A69E4D800AECA30 /* BNHiringListView.swift in Sources */,
				D84A18F62A69E0AA00AECA30 /* BNHiringAdViewViewModel.swift in Sources */,
				D84A18EA2A68B2CA00AECA30 /* BNRequest.swift in Sources */,
				D8D7F89A2A6661F300954F26 /* SceneDelegate.swift in Sources */,
				D84A18DF2A68900C00AECA30 /* BNForsaleViewController.swift in Sources */,
			);
			runOnlyForDeploymentPostprocessing = 0;
		};
/* End PBXSourcesBuildPhase section */

/* Begin PBXVariantGroup section */
		D8D7F8A22A6661F400954F26 /* LaunchScreen.storyboard */ = {
			isa = PBXVariantGroup;
			children = (
				D8D7F8A32A6661F400954F26 /* Base */,
			);
			name = LaunchScreen.storyboard;
			sourceTree = "<group>";
		};
/* End PBXVariantGroup section */

/* Begin XCBuildConfiguration section */
		D8D7F8A62A6661F400954F26 /* Debug */ = {
			isa = XCBuildConfiguration;
			buildSettings = {
				ALWAYS_SEARCH_USER_PATHS = NO;
				CLANG_ANALYZER_NONNULL = YES;
				CLANG_ANALYZER_NUMBER_OBJECT_CONVERSION = YES_AGGRESSIVE;
				CLANG_CXX_LANGUAGE_STANDARD = "gnu++20";
				CLANG_ENABLE_MODULES = YES;
				CLANG_ENABLE_OBJC_ARC = YES;
				CLANG_ENABLE_OBJC_WEAK = YES;
				CLANG_WARN_BLOCK_CAPTURE_AUTORELEASING = YES;
				CLANG_WARN_BOOL_CONVERSION = YES;
				CLANG_WARN_COMMA = YES;
				CLANG_WARN_CONSTANT_CONVERSION = YES;
				CLANG_WARN_DEPRECATED_OBJC_IMPLEMENTATIONS = YES;
				CLANG_WARN_DIRECT_OBJC_ISA_USAGE = YES_ERROR;
				CLANG_WARN_DOCUMENTATION_COMMENTS = YES;
				CLANG_WARN_EMPTY_BODY = YES;
				CLANG_WARN_ENUM_CONVERSION = YES;
				CLANG_WARN_INFINITE_RECURSION = YES;
				CLANG_WARN_INT_CONVERSION = YES;
				CLANG_WARN_NON_LITERAL_NULL_CONVERSION = YES;
				CLANG_WARN_OBJC_IMPLICIT_RETAIN_SELF = YES;
				CLANG_WARN_OBJC_LITERAL_CONVERSION = YES;
				CLANG_WARN_OBJC_ROOT_CLASS = YES_ERROR;
				CLANG_WARN_QUOTED_INCLUDE_IN_FRAMEWORK_HEADER = YES;
				CLANG_WARN_RANGE_LOOP_ANALYSIS = YES;
				CLANG_WARN_STRICT_PROTOTYPES = YES;
				CLANG_WARN_SUSPICIOUS_MOVE = YES;
				CLANG_WARN_UNGUARDED_AVAILABILITY = YES_AGGRESSIVE;
				CLANG_WARN_UNREACHABLE_CODE = YES;
				CLANG_WARN__DUPLICATE_METHOD_MATCH = YES;
				COPY_PHASE_STRIP = NO;
				DEBUG_INFORMATION_FORMAT = dwarf;
				ENABLE_STRICT_OBJC_MSGSEND = YES;
				ENABLE_TESTABILITY = YES;
				GCC_C_LANGUAGE_STANDARD = gnu11;
				GCC_DYNAMIC_NO_PIC = NO;
				GCC_NO_COMMON_BLOCKS = YES;
				GCC_OPTIMIZATION_LEVEL = 0;
				GCC_PREPROCESSOR_DEFINITIONS = (
					"DEBUG=1",
					"$(inherited)",
				);
				GCC_WARN_64_TO_32_BIT_CONVERSION = YES;
				GCC_WARN_ABOUT_RETURN_TYPE = YES_ERROR;
				GCC_WARN_UNDECLARED_SELECTOR = YES;
				GCC_WARN_UNINITIALIZED_AUTOS = YES_AGGRESSIVE;
				GCC_WARN_UNUSED_FUNCTION = YES;
				GCC_WARN_UNUSED_VARIABLE = YES;
				IPHONEOS_DEPLOYMENT_TARGET = 16.1;
				MTL_ENABLE_DEBUG_INFO = INCLUDE_SOURCE;
				MTL_FAST_MATH = YES;
				ONLY_ACTIVE_ARCH = YES;
				SDKROOT = iphoneos;
				SWIFT_ACTIVE_COMPILATION_CONDITIONS = DEBUG;
				SWIFT_OPTIMIZATION_LEVEL = "-Onone";
			};
			name = Debug;
		};
		D8D7F8A72A6661F400954F26 /* Release */ = {
			isa = XCBuildConfiguration;
			buildSettings = {
				ALWAYS_SEARCH_USER_PATHS = NO;
				CLANG_ANALYZER_NONNULL = YES;
				CLANG_ANALYZER_NUMBER_OBJECT_CONVERSION = YES_AGGRESSIVE;
				CLANG_CXX_LANGUAGE_STANDARD = "gnu++20";
				CLANG_ENABLE_MODULES = YES;
				CLANG_ENABLE_OBJC_ARC = YES;
				CLANG_ENABLE_OBJC_WEAK = YES;
				CLANG_WARN_BLOCK_CAPTURE_AUTORELEASING = YES;
				CLANG_WARN_BOOL_CONVERSION = YES;
				CLANG_WARN_COMMA = YES;
				CLANG_WARN_CONSTANT_CONVERSION = YES;
				CLANG_WARN_DEPRECATED_OBJC_IMPLEMENTATIONS = YES;
				CLANG_WARN_DIRECT_OBJC_ISA_USAGE = YES_ERROR;
				CLANG_WARN_DOCUMENTATION_COMMENTS = YES;
				CLANG_WARN_EMPTY_BODY = YES;
				CLANG_WARN_ENUM_CONVERSION = YES;
				CLANG_WARN_INFINITE_RECURSION = YES;
				CLANG_WARN_INT_CONVERSION = YES;
				CLANG_WARN_NON_LITERAL_NULL_CONVERSION = YES;
				CLANG_WARN_OBJC_IMPLICIT_RETAIN_SELF = YES;
				CLANG_WARN_OBJC_LITERAL_CONVERSION = YES;
				CLANG_WARN_OBJC_ROOT_CLASS = YES_ERROR;
				CLANG_WARN_QUOTED_INCLUDE_IN_FRAMEWORK_HEADER = YES;
				CLANG_WARN_RANGE_LOOP_ANALYSIS = YES;
				CLANG_WARN_STRICT_PROTOTYPES = YES;
				CLANG_WARN_SUSPICIOUS_MOVE = YES;
				CLANG_WARN_UNGUARDED_AVAILABILITY = YES_AGGRESSIVE;
				CLANG_WARN_UNREACHABLE_CODE = YES;
				CLANG_WARN__DUPLICATE_METHOD_MATCH = YES;
				COPY_PHASE_STRIP = NO;
				DEBUG_INFORMATION_FORMAT = "dwarf-with-dsym";
				ENABLE_NS_ASSERTIONS = NO;
				ENABLE_STRICT_OBJC_MSGSEND = YES;
				GCC_C_LANGUAGE_STANDARD = gnu11;
				GCC_NO_COMMON_BLOCKS = YES;
				GCC_WARN_64_TO_32_BIT_CONVERSION = YES;
				GCC_WARN_ABOUT_RETURN_TYPE = YES_ERROR;
				GCC_WARN_UNDECLARED_SELECTOR = YES;
				GCC_WARN_UNINITIALIZED_AUTOS = YES_AGGRESSIVE;
				GCC_WARN_UNUSED_FUNCTION = YES;
				GCC_WARN_UNUSED_VARIABLE = YES;
				IPHONEOS_DEPLOYMENT_TARGET = 16.1;
				MTL_ENABLE_DEBUG_INFO = NO;
				MTL_FAST_MATH = YES;
				SDKROOT = iphoneos;
				SWIFT_COMPILATION_MODE = wholemodule;
				SWIFT_OPTIMIZATION_LEVEL = "-O";
				VALIDATE_PRODUCT = YES;
			};
			name = Release;
		};
		D8D7F8A92A6661F400954F26 /* Debug */ = {
			isa = XCBuildConfiguration;
			buildSettings = {
				ASSETCATALOG_COMPILER_APPICON_NAME = AppIcon;
				ASSETCATALOG_COMPILER_GLOBAL_ACCENT_COLOR_NAME = AccentColor;
				CODE_SIGN_STYLE = Automatic;
				CURRENT_PROJECT_VERSION = 1;
				DEVELOPMENT_TEAM = BFNVC4G977;
				GENERATE_INFOPLIST_FILE = YES;
				INFOPLIST_FILE = BaoNai.2/Info.plist;
				INFOPLIST_KEY_UIApplicationSupportsIndirectInputEvents = YES;
				INFOPLIST_KEY_UILaunchStoryboardName = LaunchScreen;
				INFOPLIST_KEY_UISupportedInterfaceOrientations_iPad = "UIInterfaceOrientationPortrait UIInterfaceOrientationPortraitUpsideDown UIInterfaceOrientationLandscapeLeft UIInterfaceOrientationLandscapeRight";
				INFOPLIST_KEY_UISupportedInterfaceOrientations_iPhone = "UIInterfaceOrientationPortrait UIInterfaceOrientationLandscapeLeft UIInterfaceOrientationLandscapeRight";
				LD_RUNPATH_SEARCH_PATHS = (
					"$(inherited)",
					"@executable_path/Frameworks",
				);
				MARKETING_VERSION = 1.0;
				PRODUCT_BUNDLE_IDENTIFIER = "com.nam.BaoNai-2";
				PRODUCT_NAME = "$(TARGET_NAME)";
				SWIFT_EMIT_LOC_STRINGS = YES;
				SWIFT_VERSION = 5.0;
				TARGETED_DEVICE_FAMILY = "1,2";
			};
			name = Debug;
		};
		D8D7F8AA2A6661F400954F26 /* Release */ = {
			isa = XCBuildConfiguration;
			buildSettings = {
				ASSETCATALOG_COMPILER_APPICON_NAME = AppIcon;
				ASSETCATALOG_COMPILER_GLOBAL_ACCENT_COLOR_NAME = AccentColor;
				CODE_SIGN_STYLE = Automatic;
				CURRENT_PROJECT_VERSION = 1;
				DEVELOPMENT_TEAM = BFNVC4G977;
				GENERATE_INFOPLIST_FILE = YES;
				INFOPLIST_FILE = BaoNai.2/Info.plist;
				INFOPLIST_KEY_UIApplicationSupportsIndirectInputEvents = YES;
				INFOPLIST_KEY_UILaunchStoryboardName = LaunchScreen;
				INFOPLIST_KEY_UISupportedInterfaceOrientations_iPad = "UIInterfaceOrientationPortrait UIInterfaceOrientationPortraitUpsideDown UIInterfaceOrientationLandscapeLeft UIInterfaceOrientationLandscapeRight";
				INFOPLIST_KEY_UISupportedInterfaceOrientations_iPhone = "UIInterfaceOrientationPortrait UIInterfaceOrientationLandscapeLeft UIInterfaceOrientationLandscapeRight";
				LD_RUNPATH_SEARCH_PATHS = (
					"$(inherited)",
					"@executable_path/Frameworks",
				);
				MARKETING_VERSION = 1.0;
				PRODUCT_BUNDLE_IDENTIFIER = "com.nam.BaoNai-2";
				PRODUCT_NAME = "$(TARGET_NAME)";
				SWIFT_EMIT_LOC_STRINGS = YES;
				SWIFT_VERSION = 5.0;
				TARGETED_DEVICE_FAMILY = "1,2";
			};
			name = Release;
		};
/* End XCBuildConfiguration section */

/* Begin XCConfigurationList section */
		D8D7F88F2A6661F300954F26 /* Build configuration list for PBXProject "BaoNai.2" */ = {
			isa = XCConfigurationList;
			buildConfigurations = (
				D8D7F8A62A6661F400954F26 /* Debug */,
				D8D7F8A72A6661F400954F26 /* Release */,
			);
			defaultConfigurationIsVisible = 0;
			defaultConfigurationName = Release;
		};
		D8D7F8A82A6661F400954F26 /* Build configuration list for PBXNativeTarget "BaoNai.2" */ = {
			isa = XCConfigurationList;
			buildConfigurations = (
				D8D7F8A92A6661F400954F26 /* Debug */,
				D8D7F8AA2A6661F400954F26 /* Release */,
			);
			defaultConfigurationIsVisible = 0;
			defaultConfigurationName = Release;
		};
/* End XCConfigurationList section */
	};
	rootObject = D8D7F88C2A6661F300954F26 /* Project object */;
}
